
Microsoft Visual Studio Solution File, Format Version 12.00
# Visual Studio 15
VisualStudioVersion = 15.0.27428.2015
MinimumVisualStudioVersion = 10.0.40219.1
Project("{FAE04EC0-301F-11D3-BF4B-00C04F79EFBC}") = "Progra1Reque", "Progra1Reque\Progra1Reque.csproj", "{324BD76E-572D-43F0-A1A8-93C3409E5BC6}"
EndProject
Global
	GlobalSection(SolutionConfigurationPlatforms) = preSolution
		Debug|Any CPU = Debug|Any CPU
		Release|Any CPU = Release|Any CPU
	EndGlobalSection
	GlobalSection(ProjectConfigurationPlatforms) = postSolution
		{324BD76E-572D-43F0-A1A8-93C3409E5BC6}.Debug|Any CPU.ActiveCfg = Debug|Any CPU
		{324BD76E-572D-43F0-A1A8-93C3409E5BC6}.Debug|Any CPU.Build.0 = Debug|Any CPU
		{324BD76E-572D-43F0-A1A8-93C3409E5BC6}.Release|Any CPU.ActiveCfg = Release|Any CPU
		{324BD76E-572D-43F0-A1A8-93C3409E5BC6}.Release|Any CPU.Build.0 = Release|Any CPU
	EndGlobalSection
	GlobalSection(SolutionProperties) = preSolution
		HideSolutionNode = FALSE
	EndGlobalSection
	GlobalSection(ExtensibilityGlobals) = postSolution
		SolutionGuid = {F6F5A618-6C60-474E-9E57-78F8311AF5C2}
	EndGlobalSection
EndGlobal
